
Microsoft Visual Studio Solution File, Format Version 12.00
# Visual Studio 14
VisualStudioVersion = 14.0.25420.1
MinimumVisualStudioVersion = 10.0.40219.1
Project("{8BC9CEB8-8B4A-11D0-8D11-00A0C91BC942}") = "coding", "hackerrank\hackerrank.vcxproj", "{198FF347-85E8-45BD-B8D1-42A6FED70EC8}"
EndProject
Project("{8BC9CEB8-8B4A-11D0-8D11-00A0C91BC942}") = "ac", "ac\ac.vcxproj", "{5C3B3D1A-1A6D-4697-B2B1-3B50B86946BC}"
EndProject
Project("{8BC9CEB8-8B4A-11D0-8D11-00A0C91BC942}") = "library", "..\library\library\library.vcxproj", "{DA160859-EED6-44C2-AD3F-81B54405303C}"
EndProject
Global
	GlobalSection(SolutionConfigurationPlatforms) = preSolution
		Debug|x64 = Debug|x64
		Debug|x86 = Debug|x86
		Release|x64 = Release|x64
		Release|x86 = Release|x86
	EndGlobalSection
	GlobalSection(ProjectConfigurationPlatforms) = postSolution
		{198FF347-85E8-45BD-B8D1-42A6FED70EC8}.Debug|x64.ActiveCfg = Debug|x64
		{198FF347-85E8-45BD-B8D1-42A6FED70EC8}.Debug|x64.Build.0 = Debug|x64
		{198FF347-85E8-45BD-B8D1-42A6FED70EC8}.Debug|x86.ActiveCfg = Debug|Win32
		{198FF347-85E8-45BD-B8D1-42A6FED70EC8}.Debug|x86.Build.0 = Debug|Win32
		{198FF347-85E8-45BD-B8D1-42A6FED70EC8}.Release|x64.ActiveCfg = Release|x64
		{198FF347-85E8-45BD-B8D1-42A6FED70EC8}.Release|x64.Build.0 = Release|x64
		{198FF347-85E8-45BD-B8D1-42A6FED70EC8}.Release|x86.ActiveCfg = Release|Win32
		{198FF347-85E8-45BD-B8D1-42A6FED70EC8}.Release|x86.Build.0 = Release|Win32
		{5C3B3D1A-1A6D-4697-B2B1-3B50B86946BC}.Debug|x64.ActiveCfg = Debug|x64
		{5C3B3D1A-1A6D-4697-B2B1-3B50B86946BC}.Debug|x64.Build.0 = Debug|x64
		{5C3B3D1A-1A6D-4697-B2B1-3B50B86946BC}.Debug|x86.ActiveCfg = Debug|Win32
		{5C3B3D1A-1A6D-4697-B2B1-3B50B86946BC}.Debug|x86.Build.0 = Debug|Win32
		{5C3B3D1A-1A6D-4697-B2B1-3B50B86946BC}.Release|x64.ActiveCfg = Release|x64
		{5C3B3D1A-1A6D-4697-B2B1-3B50B86946BC}.Release|x64.Build.0 = Release|x64
		{5C3B3D1A-1A6D-4697-B2B1-3B50B86946BC}.Release|x86.ActiveCfg = Release|Win32
		{5C3B3D1A-1A6D-4697-B2B1-3B50B86946BC}.Release|x86.Build.0 = Release|Win32
		{DA160859-EED6-44C2-AD3F-81B54405303C}.Debug|x64.ActiveCfg = Debug|x64
		{DA160859-EED6-44C2-AD3F-81B54405303C}.Debug|x64.Build.0 = Debug|x64
		{DA160859-EED6-44C2-AD3F-81B54405303C}.Debug|x86.ActiveCfg = Debug|Win32
		{DA160859-EED6-44C2-AD3F-81B54405303C}.Debug|x86.Build.0 = Debug|Win32
		{DA160859-EED6-44C2-AD3F-81B54405303C}.Release|x64.ActiveCfg = Release|x64
		{DA160859-EED6-44C2-AD3F-81B54405303C}.Release|x64.Build.0 = Release|x64
		{DA160859-EED6-44C2-AD3F-81B54405303C}.Release|x86.ActiveCfg = Release|Win32
		{DA160859-EED6-44C2-AD3F-81B54405303C}.Release|x86.Build.0 = Release|Win32
	EndGlobalSection
	GlobalSection(SolutionProperties) = preSolution
		HideSolutionNode = FALSE
	EndGlobalSection
EndGlobal
